
Microsoft Visual Studio Solution File, Format Version 12.00
# Visual Studio 15
VisualStudioVersion = 15.0.28307.271
MinimumVisualStudioVersion = 10.0.40219.1
Project("{FAE04EC0-301F-11D3-BF4B-00C04F79EFBC}") = "BrokenWebApplication", "BrokenWebApplication\BrokenWebApplication.csproj", "{F84CA52F-4B10-41E0-9A69-7D7DA40066B6}"
EndProject
Global
	GlobalSection(SolutionConfigurationPlatforms) = preSolution
		Debug|Any CPU = Debug|Any CPU
		Release|Any CPU = Release|Any CPU
	EndGlobalSection
	GlobalSection(ProjectConfigurationPlatforms) = postSolution
		{F84CA52F-4B10-41E0-9A69-7D7DA40066B6}.Debug|Any CPU.ActiveCfg = Debug|Any CPU
		{F84CA52F-4B10-41E0-9A69-7D7DA40066B6}.Debug|Any CPU.Build.0 = Debug|Any CPU
		{F84CA52F-4B10-41E0-9A69-7D7DA40066B6}.Release|Any CPU.ActiveCfg = Release|Any CPU
		{F84CA52F-4B10-41E0-9A69-7D7DA40066B6}.Release|Any CPU.Build.0 = Release|Any CPU
	EndGlobalSection
	GlobalSection(SolutionProperties) = preSolution
		HideSolutionNode = FALSE
	EndGlobalSection
	GlobalSection(ExtensibilityGlobals) = postSolution
		SolutionGuid = {1A93BD7F-209B-4517-BFDC-A4A8DD073DE3}
	EndGlobalSection
EndGlobal
